
Microsoft Visual Studio Solution File, Format Version 12.00
# Visual Studio Version 17
VisualStudioVersion = 17.2.32516.85
MinimumVisualStudioVersion = 10.0.40219.1
Project("{FAE04EC0-301F-11D3-BF4B-00C04F79EFBC}") = "Books_Mock_AT_Frameworks", "Books_Mock_AT_Frameworks\Books_Mock_AT_Frameworks.csproj", "{3AD07971-6582-427D-A256-5E0CFEA2F9B1}"
EndProject
Global
	GlobalSection(SolutionConfigurationPlatforms) = preSolution
		Debug|Any CPU = Debug|Any CPU
		Release|Any CPU = Release|Any CPU
	EndGlobalSection
	GlobalSection(ProjectConfigurationPlatforms) = postSolution
		{3AD07971-6582-427D-A256-5E0CFEA2F9B1}.Debug|Any CPU.ActiveCfg = Debug|Any CPU
		{3AD07971-6582-427D-A256-5E0CFEA2F9B1}.Debug|Any CPU.Build.0 = Debug|Any CPU
		{3AD07971-6582-427D-A256-5E0CFEA2F9B1}.Release|Any CPU.ActiveCfg = Release|Any CPU
		{3AD07971-6582-427D-A256-5E0CFEA2F9B1}.Release|Any CPU.Build.0 = Release|Any CPU
	EndGlobalSection
	GlobalSection(SolutionProperties) = preSolution
		HideSolutionNode = FALSE
	EndGlobalSection
	GlobalSection(ExtensibilityGlobals) = postSolution
		SolutionGuid = {7FE9434C-DCB8-4130-92C6-C528EB74AEF9}
	EndGlobalSection
EndGlobal
